{
    "name": "eslint-config-pwn",
    "version": "6.0.2",
    "lockfileVersion": 1,
    "dependencies": {
        "argparse": {
            "version": "http://registry.npm.taobao.org/argparse/download/argparse-1.0.9.tgz",
            "integrity": "sha1-c9g7wmP4bpf4zE9rrhsOkKfSLIY=",
            "dev": true
        },
        "esprima": {
            "version": "http://registry.npm.taobao.org/esprima/download/esprima-3.1.3.tgz",
            "integrity": "sha1-/cpRzuYTOJXjyI1TXOSdv/YqRjM=",
            "dev": true
        },
        "js-yaml": {
            "version": "https://registry.npmjs.org/js-yaml/-/js-yaml-3.8.4.tgz",
            "integrity": "sha1-UgtFZPhlc7qWZir4Woyvp7S1pvY=",
            "dev": true
        },
        "sprintf-js": {
            "version": "https://registry.npm.taobao.org/sprintf-js/download/sprintf-js-1.0.3.tgz",
            "integrity": "sha1-BOaSb2YolTVPPdAVIDYzuFcpfiw=",
            "dev": true
        }
    }
}
